
Microsoft Visual Studio Solution File, Format Version 12.00
# Visual Studio Version 16
VisualStudioVersion = 16.0.29926.136
MinimumVisualStudioVersion = 10.0.40219.1
Project("{FAE04EC0-301F-11D3-BF4B-00C04F79EFBC}") = "MainMusicStore", "MainMusicStore\MainMusicStore.csproj", "{66336A95-BEF5-49A0-AA69-B7695FA7CA94}"
EndProject
Global
	GlobalSection(SolutionConfigurationPlatforms) = preSolution
		Debug|Any CPU = Debug|Any CPU
		Release|Any CPU = Release|Any CPU
	EndGlobalSection
	GlobalSection(ProjectConfigurationPlatforms) = postSolution
		{66336A95-BEF5-49A0-AA69-B7695FA7CA94}.Debug|Any CPU.ActiveCfg = Debug|Any CPU
		{66336A95-BEF5-49A0-AA69-B7695FA7CA94}.Debug|Any CPU.Build.0 = Debug|Any CPU
		{66336A95-BEF5-49A0-AA69-B7695FA7CA94}.Release|Any CPU.ActiveCfg = Release|Any CPU
		{66336A95-BEF5-49A0-AA69-B7695FA7CA94}.Release|Any CPU.Build.0 = Release|Any CPU
	EndGlobalSection
	GlobalSection(SolutionProperties) = preSolution
		HideSolutionNode = FALSE
	EndGlobalSection
	GlobalSection(ExtensibilityGlobals) = postSolution
		SolutionGuid = {03722061-E254-47FD-B12C-DC5A8AA7DB10}
	EndGlobalSection
EndGlobal
